
Microsoft Visual Studio Solution File, Format Version 12.00
# Visual Studio Version 17
VisualStudioVersion = 17.11.35327.3
MinimumVisualStudioVersion = 10.0.40219.1
Project("{FAE04EC0-301F-11D3-BF4B-00C04F79EFBC}") = "FaturamentoService", "FaturamentoService\FaturamentoService.csproj", "{774ED763-C1E0-4470-BF00-D847BDB2CB7C}"
EndProject
Global
	GlobalSection(SolutionConfigurationPlatforms) = preSolution
		Debug|Any CPU = Debug|Any CPU
		Release|Any CPU = Release|Any CPU
	EndGlobalSection
	GlobalSection(ProjectConfigurationPlatforms) = postSolution
		{774ED763-C1E0-4470-BF00-D847BDB2CB7C}.Debug|Any CPU.ActiveCfg = Debug|Any CPU
		{774ED763-C1E0-4470-BF00-D847BDB2CB7C}.Debug|Any CPU.Build.0 = Debug|Any CPU
		{774ED763-C1E0-4470-BF00-D847BDB2CB7C}.Release|Any CPU.ActiveCfg = Release|Any CPU
		{774ED763-C1E0-4470-BF00-D847BDB2CB7C}.Release|Any CPU.Build.0 = Release|Any CPU
	EndGlobalSection
	GlobalSection(SolutionProperties) = preSolution
		HideSolutionNode = FALSE
	EndGlobalSection
	GlobalSection(ExtensibilityGlobals) = postSolution
		SolutionGuid = {9067DFE2-DF10-412D-BE2F-0BFA91933BDF}
	EndGlobalSection
EndGlobal
